Microsoft Visual Studio Solution File, Format Version 11.00
# Visual Studio 2008

Project("{6D42734A-AAB5-34B4-75BE-80C46B00D09C}") = "StevensFinal", "Assembly-CSharp.csproj", "{24133D42-66FB-94E8-50DB-6E54B81832F7}"
EndProject
Global
	GlobalSection(SolutionConfigurationPlatforms) = preSolution
		Debug|Any CPU = Debug|Any CPU
		Release|Any CPU = Release|Any CPU
	EndGlobalSection
	GlobalSection(ProjectConfigurationPlatforms) = postSolution
		{24133D42-66FB-94E8-50DB-6E54B81832F7}.Debug|Any CPU.ActiveCfg = Debug|Any CPU
		{24133D42-66FB-94E8-50DB-6E54B81832F7}.Debug|Any CPU.Build.0 = Debug|Any CPU
		{24133D42-66FB-94E8-50DB-6E54B81832F7}.Release|Any CPU.ActiveCfg = Release|Any CPU
		{24133D42-66FB-94E8-50DB-6E54B81832F7}.Release|Any CPU.Build.0 = Release|Any CPU
	EndGlobalSection
	GlobalSection(SolutionProperties) = preSolution
		HideSolutionNode = FALSE
	EndGlobalSection
	GlobalSection(MonoDevelopProperties) = preSolution
		StartupItem = Assembly-CSharp.csproj
	EndGlobalSection
EndGlobal
